
Microsoft Visual Studio Solution File, Format Version 12.00
# Visual Studio Version 17
VisualStudioVersion = 17.10.34707.107
MinimumVisualStudioVersion = 10.0.40219.1
Project("{FAE04EC0-301F-11D3-BF4B-00C04F79EFBC}") = "WarriorWars", "WarriorWars\WarriorWars.csproj", "{0044CEA0-0E20-4B95-8877-EE4D9D85E228}"
EndProject
Global
	GlobalSection(SolutionConfigurationPlatforms) = preSolution
		Debug|Any CPU = Debug|Any CPU
		Release|Any CPU = Release|Any CPU
	EndGlobalSection
	GlobalSection(ProjectConfigurationPlatforms) = postSolution
		{0044CEA0-0E20-4B95-8877-EE4D9D85E228}.Debug|Any CPU.ActiveCfg = Debug|Any CPU
		{0044CEA0-0E20-4B95-8877-EE4D9D85E228}.Debug|Any CPU.Build.0 = Debug|Any CPU
		{0044CEA0-0E20-4B95-8877-EE4D9D85E228}.Release|Any CPU.ActiveCfg = Release|Any CPU
		{0044CEA0-0E20-4B95-8877-EE4D9D85E228}.Release|Any CPU.Build.0 = Release|Any CPU
	EndGlobalSection
	GlobalSection(SolutionProperties) = preSolution
		HideSolutionNode = FALSE
	EndGlobalSection
	GlobalSection(ExtensibilityGlobals) = postSolution
		SolutionGuid = {CA7E45A7-59F5-4183-9480-9C0B354D2ADB}
	EndGlobalSection
EndGlobal
